// !$*UTF8*$!
{
	archiveVersion = 1;
	classes = {
	};
	objectVersion = 50;
	objects = {

/* Begin PBXBuildFile section */
		CCEA90FC77B21754F97294F5 /* Pods_YelpPlusAR.framework in Frameworks */ = {isa = PBXBuildFile; fileRef = 85EF25820BF51C1CF6F0DBB5 /* Pods_YelpPlusAR.framework */; };
		D0272CBC216EE1530047FFE8 /* AppDelegate.swift in Sources */ = {isa = PBXBuildFile; fileRef = D0272CBB216EE1530047FFE8 /* AppDelegate.swift */; };
		D0272CBE216EE1530047FFE8 /* ViewController.swift in Sources */ = {isa = PBXBuildFile; fileRef = D0272CBD216EE1530047FFE8 /* ViewController.swift */; };
		D0272CC1216EE1530047FFE8 /* Main.storyboard in Resources */ = {isa = PBXBuildFile; fileRef = D0272CBF216EE1530047FFE8 /* Main.storyboard */; };
		D0272CC4216EE1530047FFE8 /* YelpPlusAR.xcdatamodeld in Sources */ = {isa = PBXBuildFile; fileRef = D0272CC2216EE1530047FFE8 /* YelpPlusAR.xcdatamodeld */; };
		D0272CC6216EE1540047FFE8 /* Assets.xcassets in Resources */ = {isa = PBXBuildFile; fileRef = D0272CC5216EE1540047FFE8 /* Assets.xcassets */; };
		D0272CC9216EE1540047FFE8 /* LaunchScreen.storyboard in Resources */ = {isa = PBXBuildFile; fileRef = D0272CC7216EE1540047FFE8 /* LaunchScreen.storyboard */; };
		D0272CD1216FF8860047FFE8 /* YelpPlusARModel.swift in Sources */ = {isa = PBXBuildFile; fileRef = D0272CD0216FF8860047FFE8 /* YelpPlusARModel.swift */; };
		D0BDF5812176B82400CF7700 /* MainARViewController.swift in Sources */ = {isa = PBXBuildFile; fileRef = D0BDF5802176B82400CF7700 /* MainARViewController.swift */; };
/* End PBXBuildFile section */

/* Begin PBXFileReference section */
		419AD71F5C8C2AB4F0DEA9C2 /* Pods-YelpPlusAR.debug.xcconfig */ = {isa = PBXFileReference; includeInIndex = 1; lastKnownFileType = text.xcconfig; name = "Pods-YelpPlusAR.debug.xcconfig"; path = "Pods/Target Support Files/Pods-YelpPlusAR/Pods-YelpPlusAR.debug.xcconfig"; sourceTree = "<group>"; };
		85EF25820BF51C1CF6F0DBB5 /* Pods_YelpPlusAR.framework */ = {isa = PBXFileReference; explicitFileType = wrapper.framework; includeInIndex = 0; path = Pods_YelpPlusAR.framework; sourceTree = BUILT_PRODUCTS_DIR; };
		8EB8B4C79557DC1BF75B0430 /* Pods-YelpPlusAR.release.xcconfig */ = {isa = PBXFileReference; includeInIndex = 1; lastKnownFileType = text.xcconfig; name = "Pods-YelpPlusAR.release.xcconfig"; path = "Pods/Target Support Files/Pods-YelpPlusAR/Pods-YelpPlusAR.release.xcconfig"; sourceTree = "<group>"; };
		D0272CB8216EE1530047FFE8 /* YelpPlusAR.app */ = {isa = PBXFileReference; explicitFileType = wrapper.application; includeInIndex = 0; path = YelpPlusAR.app; sourceTree = BUILT_PRODUCTS_DIR; };
		D0272CBB216EE1530047FFE8 /* AppDelegate.swift */ = {isa = PBXFileReference; lastKnownFileType = sourcecode.swift; path = AppDelegate.swift; sourceTree = "<group>"; };
		D0272CBD216EE1530047FFE8 /* ViewController.swift */ = {isa = PBXFileReference; lastKnownFileType = sourcecode.swift; path = ViewController.swift; sourceTree = "<group>"; };
		D0272CC0216EE1530047FFE8 /* Base */ = {isa = PBXFileReference; lastKnownFileType = file.storyboard; name = Base; path = Base.lproj/Main.storyboard; sourceTree = "<group>"; };
		D0272CC3216EE1530047FFE8 /* YelpPlusAR.xcdatamodel */ = {isa = PBXFileReference; lastKnownFileType = wrapper.xcdatamodel; path = YelpPlusAR.xcdatamodel; sourceTree = "<group>"; };
		D0272CC5216EE1540047FFE8 /* Assets.xcassets */ = {isa = PBXFileReference; lastKnownFileType = folder.assetcatalog; path = Assets.xcassets; sourceTree = "<group>"; };
		D0272CC8216EE1540047FFE8 /* Base */ = {isa = PBXFileReference; lastKnownFileType = file.storyboard; name = Base; path = Base.lproj/LaunchScreen.storyboard; sourceTree = "<group>"; };
		D0272CCA216EE1540047FFE8 /* Info.plist */ = {isa = PBXFileReference; lastKnownFileType = text.plist.xml; path = Info.plist; sourceTree = "<group>"; };
		D0272CD0216FF8860047FFE8 /* YelpPlusARModel.swift */ = {isa = PBXFileReference; lastKnownFileType = sourcecode.swift; path = YelpPlusARModel.swift; sourceTree = "<group>"; };
		D0BDF5802176B82400CF7700 /* MainARViewController.swift */ = {isa = PBXFileReference; fileEncoding = 4; lastKnownFileType = sourcecode.swift; path = MainARViewController.swift; sourceTree = "<group>"; };
/* End PBXFileReference section */

/* Begin PBXFrameworksBuildPhase section */
		D0272CB5216EE1520047FFE8 /* Frameworks */ = {
			isa = PBXFrameworksBuildPhase;
			buildActionMask = 2147483647;
			files = (
				CCEA90FC77B21754F97294F5 /* Pods_YelpPlusAR.framework in Frameworks */,
			);
			runOnlyForDeploymentPostprocessing = 0;
		};
/* End PBXFrameworksBuildPhase section */

/* Begin PBXGroup section */
		3476981EB73C0090BE87CAAC /* Frameworks */ = {
			isa = PBXGroup;
			children = (
				85EF25820BF51C1CF6F0DBB5 /* Pods_YelpPlusAR.framework */,
			);
			name = Frameworks;
			sourceTree = "<group>";
		};
		353024E8AEC1FDE0E1C16996 /* Pods */ = {
			isa = PBXGroup;
			children = (
				419AD71F5C8C2AB4F0DEA9C2 /* Pods-YelpPlusAR.debug.xcconfig */,
				8EB8B4C79557DC1BF75B0430 /* Pods-YelpPlusAR.release.xcconfig */,
			);
			name = Pods;
			sourceTree = "<group>";
		};
		D0272CAF216EE1520047FFE8 = {
			isa = PBXGroup;
			children = (
				D0272CBA216EE1530047FFE8 /* YelpPlusAR */,
				D0272CB9216EE1530047FFE8 /* Products */,
				353024E8AEC1FDE0E1C16996 /* Pods */,
				3476981EB73C0090BE87CAAC /* Frameworks */,
			);
			sourceTree = "<group>";
		};
		D0272CB9216EE1530047FFE8 /* Products */ = {
			isa = PBXGroup;
			children = (
				D0272CB8216EE1530047FFE8 /* YelpPlusAR.app */,
			);
			name = Products;
			sourceTree = "<group>";
		};
		D0272CBA216EE1530047FFE8 /* YelpPlusAR */ = {
			isa = PBXGroup;
			children = (
				D0272CBF216EE1530047FFE8 /* Main.storyboard */,
				D0272CBD216EE1530047FFE8 /* ViewController.swift */,
				D0BDF5802176B82400CF7700 /* MainARViewController.swift */,
				D0272CBB216EE1530047FFE8 /* AppDelegate.swift */,
				D0272CD0216FF8860047FFE8 /* YelpPlusARModel.swift */,
				D0272CC5216EE1540047FFE8 /* Assets.xcassets */,
				D0272CC7216EE1540047FFE8 /* LaunchScreen.storyboard */,
				D0272CCA216EE1540047FFE8 /* Info.plist */,
				D0272CC2216EE1530047FFE8 /* YelpPlusAR.xcdatamodeld */,
			);
			path = YelpPlusAR;
			sourceTree = "<group>";
		};
/* End PBXGroup section */

/* Begin PBXNativeTarget section */
		D0272CB7216EE1520047FFE8 /* YelpPlusAR */ = {
			isa = PBXNativeTarget;
			buildConfigurationList = D0272CCD216EE1540047FFE8 /* Build configuration list for PBXNativeTarget "YelpPlusAR" */;
			buildPhases = (
				0C35B34180A15821D3202A6E /* [CP] Check Pods Manifest.lock */,
				D0272CB4216EE1520047FFE8 /* Sources */,
				D0272CB5216EE1520047FFE8 /* Frameworks */,
				D0272CB6216EE1520047FFE8 /* Resources */,
				0897FFBC17C51B1E8DA49639 /* [CP] Embed Pods Frameworks */,
			);
			buildRules = (
			);
			dependencies = (
			);
			name = YelpPlusAR;
			productName = YelpPlusAR;
			productReference = D0272CB8216EE1530047FFE8 /* YelpPlusAR.app */;
			productType = "com.apple.product-type.application";
		};
/* End PBXNativeTarget section */

/* Begin PBXProject section */
		D0272CB0216EE1520047FFE8 /* Project object */ = {
			isa = PBXProject;
			attributes = {
				LastSwiftUpdateCheck = 1000;
				LastUpgradeCheck = 1000;
				ORGANIZATIONNAME = "Amanda Demetrio";
				TargetAttributes = {
					D0272CB7216EE1520047FFE8 = {
						CreatedOnToolsVersion = 10.0;
					};
				};
			};
			buildConfigurationList = D0272CB3216EE1520047FFE8 /* Build configuration list for PBXProject "YelpPlusAR" */;
			compatibilityVersion = "Xcode 9.3";
			developmentRegion = en;
			hasScannedForEncodings = 0;
			knownRegions = (
				en,
				Base,
			);
			mainGroup = D0272CAF216EE1520047FFE8;
			productRefGroup = D0272CB9216EE1530047FFE8 /* Products */;
			projectDirPath = "";
			projectRoot = "";
			targets = (
				D0272CB7216EE1520047FFE8 /* YelpPlusAR */,
			);
		};
/* End PBXProject section */

/* Begin PBXResourcesBuildPhase section */
		D0272CB6216EE1520047FFE8 /* Resources */ = {
			isa = PBXResourcesBuildPhase;
			buildActionMask = 2147483647;
			files = (
				D0272CC9216EE1540047FFE8 /* LaunchScreen.storyboard in Resources */,
				D0272CC6216EE1540047FFE8 /* Assets.xcassets in Resources */,
				D0272CC1216EE1530047FFE8 /* Main.storyboard in Resources */,
			);
			runOnlyForDeploymentPostprocessing = 0;
		};
/* End PBXResourcesBuildPhase section */

/* Begin PBXShellScriptBuildPhase section */
		0897FFBC17C51B1E8DA49639 /* [CP] Embed Pods Frameworks */ = {
			isa = PBXShellScriptBuildPhase;
			buildActionMask = 2147483647;
			files = (
			);
			inputFileListPaths = (
			);
			inputPaths = (
				"${SRCROOT}/Pods/Target Support Files/Pods-YelpPlusAR/Pods-YelpPlusAR-frameworks.sh",
				"${BUILT_PRODUCTS_DIR}/ARCL/ARCL.framework",
			);
			name = "[CP] Embed Pods Frameworks";
			outputFileListPaths = (
			);
			outputPaths = (
				"${TARGET_BUILD_DIR}/${FRAMEWORKS_FOLDER_PATH}/ARCL.framework",
			);
			runOnlyForDeploymentPostprocessing = 0;
			shellPath = /bin/sh;
			shellScript = "\"${SRCROOT}/Pods/Target Support Files/Pods-YelpPlusAR/Pods-YelpPlusAR-frameworks.sh\"\n";
			showEnvVarsInLog = 0;
		};
		0C35B34180A15821D3202A6E /* [CP] Check Pods Manifest.lock */ = {
			isa = PBXShellScriptBuildPhase;
			buildActionMask = 2147483647;
			files = (
			);
			inputFileListPaths = (
			);
			inputPaths = (
				"${PODS_PODFILE_DIR_PATH}/Podfile.lock",
				"${PODS_ROOT}/Manifest.lock",
			);
			name = "[CP] Check Pods Manifest.lock";
			outputFileListPaths = (
			);
			outputPaths = (
				"$(DERIVED_FILE_DIR)/Pods-YelpPlusAR-checkManifestLockResult.txt",
			);
			runOnlyForDeploymentPostprocessing = 0;
			shellPath = /bin/sh;
			shellScript = "diff \"${PODS_PODFILE_DIR_PATH}/Podfile.lock\" \"${PODS_ROOT}/Manifest.lock\" > /dev/null\nif [ $? != 0 ] ; then\n    # print error to STDERR\n    echo \"error: The sandbox is not in sync with the Podfile.lock. Run 'pod install' or update your CocoaPods installation.\" >&2\n    exit 1\nfi\n# This output is used by Xcode 'outputs' to avoid re-running this script phase.\necho \"SUCCESS\" > \"${SCRIPT_OUTPUT_FILE_0}\"\n";
			showEnvVarsInLog = 0;
		};
/* End PBXShellScriptBuildPhase section */

/* Begin PBXSourcesBuildPhase section */
		D0272CB4216EE1520047FFE8 /* Sources */ = {
			isa = PBXSourcesBuildPhase;
			buildActionMask = 2147483647;
			files = (
				D0272CBE216EE1530047FFE8 /* ViewController.swift in Sources */,
				D0BDF5812176B82400CF7700 /* MainARViewController.swift in Sources */,
				D0272CBC216EE1530047FFE8 /* AppDelegate.swift in Sources */,
				D0272CD1216FF8860047FFE8 /* YelpPlusARModel.swift in Sources */,
				D0272CC4216EE1530047FFE8 /* YelpPlusAR.xcdatamodeld in Sources */,
			);
			runOnlyForDeploymentPostprocessing = 0;
		};
/* End PBXSourcesBuildPhase section */

/* Begin PBXVariantGroup section */
		D0272CBF216EE1530047FFE8 /* Main.storyboard */ = {
			isa = PBXVariantGroup;
			children = (
				D0272CC0216EE1530047FFE8 /* Base */,
			);
			name = Main.storyboard;
			sourceTree = "<group>";
		};
		D0272CC7216EE1540047FFE8 /* LaunchScreen.storyboard */ = {
			isa = PBXVariantGroup;
			children = (
				D0272CC8216EE1540047FFE8 /* Base */,
			);
			name = LaunchScreen.storyboard;
			sourceTree = "<group>";
		};
/* End PBXVariantGroup section */

/* Begin XCBuildConfiguration section */
		D0272CCB216EE1540047FFE8 /* Debug */ = {
			isa = XCBuildConfiguration;
			buildSettings = {
				ALWAYS_SEARCH_USER_PATHS = NO;
				CLANG_ANALYZER_NONNULL = YES;
				CLANG_ANALYZER_NUMBER_OBJECT_CONVERSION = YES_AGGRESSIVE;
				CLANG_CXX_LANGUAGE_STANDARD = "gnu++14";
				CLANG_CXX_LIBRARY = "libc++";
				CLANG_ENABLE_MODULES = YES;
				CLANG_ENABLE_OBJC_ARC = YES;
				CLANG_ENABLE_OBJC_WEAK = YES;
				CLANG_WARN_BLOCK_CAPTURE_AUTORELEASING = YES;
				CLANG_WARN_BOOL_CONVERSION = YES;
				CLANG_WARN_COMMA = YES;
				CLANG_WARN_CONSTANT_CONVERSION = YES;
				CLANG_WARN_DEPRECATED_OBJC_IMPLEMENTATIONS = YES;
				CLANG_WARN_DIRECT_OBJC_ISA_USAGE = YES_ERROR;
				CLANG_WARN_DOCUMENTATION_COMMENTS = YES;
				CLANG_WARN_EMPTY_BODY = YES;
				CLANG_WARN_ENUM_CONVERSION = YES;
				CLANG_WARN_INFINITE_RECURSION = YES;
				CLANG_WARN_INT_CONVERSION = YES;
				CLANG_WARN_NON_LITERAL_NULL_CONVERSION = YES;
				CLANG_WARN_OBJC_IMPLICIT_RETAIN_SELF = YES;
				CLANG_WARN_OBJC_LITERAL_CONVERSION = YES;
				CLANG_WARN_OBJC_ROOT_CLASS = YES_ERROR;
				CLANG_WARN_RANGE_LOOP_ANALYSIS = YES;
				CLANG_WARN_STRICT_PROTOTYPES = YES;
				CLANG_WARN_SUSPICIOUS_MOVE = YES;
				CLANG_WARN_UNGUARDED_AVAILABILITY = YES_AGGRESSIVE;
				CLANG_WARN_UNREACHABLE_CODE = YES;
				CLANG_WARN__DUPLICATE_METHOD_MATCH = YES;
				CODE_SIGN_IDENTITY = "iPhone Developer";
				COPY_PHASE_STRIP = NO;
				DEBUG_INFORMATION_FORMAT = dwarf;
				ENABLE_STRICT_OBJC_MSGSEND = YES;
				ENABLE_TESTABILITY = YES;
				GCC_C_LANGUAGE_STANDARD = gnu11;
				GCC_DYNAMIC_NO_PIC = NO;
				GCC_NO_COMMON_BLOCKS = YES;
				GCC_OPTIMIZATION_LEVEL = 0;
				GCC_PREPROCESSOR_DEFINITIONS = (
					"DEBUG=1",
					"$(inherited)",
				);
				GCC_WARN_64_TO_32_BIT_CONVERSION = YES;
				GCC_WARN_ABOUT_RETURN_TYPE = YES_ERROR;
				GCC_WARN_UNDECLARED_SELECTOR = YES;
				GCC_WARN_UNINITIALIZED_AUTOS = YES_AGGRESSIVE;
				GCC_WARN_UNUSED_FUNCTION = YES;
				GCC_WARN_UNUSED_VARIABLE = YES;
				IPHONEOS_DEPLOYMENT_TARGET = 12.0;
				MTL_ENABLE_DEBUG_INFO = INCLUDE_SOURCE;
				MTL_FAST_MATH = YES;
				ONLY_ACTIVE_ARCH = YES;
				SDKROOT = iphoneos;
				SWIFT_ACTIVE_COMPILATION_CONDITIONS = DEBUG;
				SWIFT_OPTIMIZATION_LEVEL = "-Onone";
			};
			name = Debug;
		};
		D0272CCC216EE1540047FFE8 /* Release */ = {
			isa = XCBuildConfiguration;
			buildSettings = {
				ALWAYS_SEARCH_USER_PATHS = NO;
				CLANG_ANALYZER_NONNULL = YES;
				CLANG_ANALYZER_NUMBER_OBJECT_CONVERSION = YES_AGGRESSIVE;
				CLANG_CXX_LANGUAGE_STANDARD = "gnu++14";
				CLANG_CXX_LIBRARY = "libc++";
				CLANG_ENABLE_MODULES = YES;
				CLANG_ENABLE_OBJC_ARC = YES;
				CLANG_ENABLE_OBJC_WEAK = YES;
				CLANG_WARN_BLOCK_CAPTURE_AUTORELEASING = YES;
				CLANG_WARN_BOOL_CONVERSION = YES;
				CLANG_WARN_COMMA = YES;
				CLANG_WARN_CONSTANT_CONVERSION = YES;
				CLANG_WARN_DEPRECATED_OBJC_IMPLEMENTATIONS = YES;
				CLANG_WARN_DIRECT_OBJC_ISA_USAGE = YES_ERROR;
				CLANG_WARN_DOCUMENTATION_COMMENTS = YES;
				CLANG_WARN_EMPTY_BODY = YES;
				CLANG_WARN_ENUM_CONVERSION = YES;
				CLANG_WARN_INFINITE_RECURSION = YES;
				CLANG_WARN_INT_CONVERSION = YES;
				CLANG_WARN_NON_LITERAL_NULL_CONVERSION = YES;
				CLANG_WARN_OBJC_IMPLICIT_RETAIN_SELF = YES;
				CLANG_WARN_OBJC_LITERAL_CONVERSION = YES;
				CLANG_WARN_OBJC_ROOT_CLASS = YES_ERROR;
				CLANG_WARN_RANGE_LOOP_ANALYSIS = YES;
				CLANG_WARN_STRICT_PROTOTYPES = YES;
				CLANG_WARN_SUSPICIOUS_MOVE = YES;
				CLANG_WARN_UNGUARDED_AVAILABILITY = YES_AGGRESSIVE;
				CLANG_WARN_UNREACHABLE_CODE = YES;
				CLANG_WARN__DUPLICATE_METHOD_MATCH = YES;
				CODE_SIGN_IDENTITY = "iPhone Developer";
				COPY_PHASE_STRIP = NO;
				DEBUG_INFORMATION_FORMAT = "dwarf-with-dsym";
				ENABLE_NS_ASSERTIONS = NO;
				ENABLE_STRICT_OBJC_MSGSEND = YES;
				GCC_C_LANGUAGE_STANDARD = gnu11;
				GCC_NO_COMMON_BLOCKS = YES;
				GCC_WARN_64_TO_32_BIT_CONVERSION = YES;
				GCC_WARN_ABOUT_RETURN_TYPE = YES_ERROR;
				GCC_WARN_UNDECLARED_SELECTOR = YES;
				GCC_WARN_UNINITIALIZED_AUTOS = YES_AGGRESSIVE;
				GCC_WARN_UNUSED_FUNCTION = YES;
				GCC_WARN_UNUSED_VARIABLE = YES;
				IPHONEOS_DEPLOYMENT_TARGET = 12.0;
				MTL_ENABLE_DEBUG_INFO = NO;
				MTL_FAST_MATH = YES;
				SDKROOT = iphoneos;
				SWIFT_COMPILATION_MODE = wholemodule;
				SWIFT_OPTIMIZATION_LEVEL = "-O";
				VALIDATE_PRODUCT = YES;
			};
			name = Release;
		};
		D0272CCE216EE1540047FFE8 /* Debug */ = {
			isa = XCBuildConfiguration;
			baseConfigurationReference = 419AD71F5C8C2AB4F0DEA9C2 /* Pods-YelpPlusAR.debug.xcconfig */;
			buildSettings = {
				ASSETCATALOG_COMPILER_APPICON_NAME = AppIcon;
				CODE_SIGN_STYLE = Automatic;
				DEVELOPMENT_TEAM = Y3JS8H9524;
				INFOPLIST_FILE = YelpPlusAR/Info.plist;
				LD_RUNPATH_SEARCH_PATHS = (
					"$(inherited)",
					"@executable_path/Frameworks",
				);
				PRODUCT_BUNDLE_IDENTIFIER = com.amandademetrio.YelpPlusAR;
				PRODUCT_NAME = "$(TARGET_NAME)";
				SWIFT_VERSION = 4.2;
				TARGETED_DEVICE_FAMILY = "1,2";
			};
			name = Debug;
		};
		D0272CCF216EE1540047FFE8 /* Release */ = {
			isa = XCBuildConfiguration;
			baseConfigurationReference = 8EB8B4C79557DC1BF75B0430 /* Pods-YelpPlusAR.release.xcconfig */;
			buildSettings = {
				ASSETCATALOG_COMPILER_APPICON_NAME = AppIcon;
				CODE_SIGN_STYLE = Automatic;
				DEVELOPMENT_TEAM = Y3JS8H9524;
				INFOPLIST_FILE = YelpPlusAR/Info.plist;
				LD_RUNPATH_SEARCH_PATHS = (
					"$(inherited)",
					"@executable_path/Frameworks",
				);
				PRODUCT_BUNDLE_IDENTIFIER = com.amandademetrio.YelpPlusAR;
				PRODUCT_NAME = "$(TARGET_NAME)";
				SWIFT_VERSION = 4.2;
				TARGETED_DEVICE_FAMILY = "1,2";
			};
			name = Release;
		};
/* End XCBuildConfiguration section */

/* Begin XCConfigurationList section */
		D0272CB3216EE1520047FFE8 /* Build configuration list for PBXProject "YelpPlusAR" */ = {
			isa = XCConfigurationList;
			buildConfigurations = (
				D0272CCB216EE1540047FFE8 /* Debug */,
				D0272CCC216EE1540047FFE8 /* Release */,
			);
			defaultConfigurationIsVisible = 0;
			defaultConfigurationName = Release;
		};
		D0272CCD216EE1540047FFE8 /* Build configuration list for PBXNativeTarget "YelpPlusAR" */ = {
			isa = XCConfigurationList;
			buildConfigurations = (
				D0272CCE216EE1540047FFE8 /* Debug */,
				D0272CCF216EE1540047FFE8 /* Release */,
			);
			defaultConfigurationIsVisible = 0;
			defaultConfigurationName = Release;
		};
/* End XCConfigurationList section */

/* Begin XCVersionGroup section */
		D0272CC2216EE1530047FFE8 /* YelpPlusAR.xcdatamodeld */ = {
			isa = XCVersionGroup;
			children = (
				D0272CC3216EE1530047FFE8 /* YelpPlusAR.xcdatamodel */,
			);
			currentVersion = D0272CC3216EE1530047FFE8 /* YelpPlusAR.xcdatamodel */;
			path = YelpPlusAR.xcdatamodeld;
			sourceTree = "<group>";
			versionGroupType = wrapper.xcdatamodel;
		};
/* End XCVersionGroup section */
	};
	rootObject = D0272CB0216EE1520047FFE8 /* Project object */;
}
