// !$*UTF8*$!
{
	archiveVersion = 1;
	classes = {
	};
	objectVersion = 50;
	objects = {

/* Begin PBXBuildFile section */
		D001520F2171866F0054963D /* ARAnnotation.swift in Sources */ = {isa = PBXBuildFile; fileRef = D00151FF2171866F0054963D /* ARAnnotation.swift */; };
		D00152102171866F0054963D /* ARTrackingManager.swift in Sources */ = {isa = PBXBuildFile; fileRef = D00152002171866F0054963D /* ARTrackingManager.swift */; };
		D00152112171866F0054963D /* ARPresenter.swift in Sources */ = {isa = PBXBuildFile; fileRef = D00152012171866F0054963D /* ARPresenter.swift */; };
		D00152122171866F0054963D /* ARAnnotationView.swift in Sources */ = {isa = PBXBuildFile; fileRef = D00152022171866F0054963D /* ARAnnotationView.swift */; };
		D00152132171866F0054963D /* ARPresenterTransform.swift in Sources */ = {isa = PBXBuildFile; fileRef = D00152032171866F0054963D /* ARPresenterTransform.swift */; };
		D00152142171866F0054963D /* ARConfiguration.swift in Sources */ = {isa = PBXBuildFile; fileRef = D00152042171866F0054963D /* ARConfiguration.swift */; };
		D00152152171866F0054963D /* CameraView.swift in Sources */ = {isa = PBXBuildFile; fileRef = D00152062171866F0054963D /* CameraView.swift */; };
		D00152162171866F0054963D /* ARViewController.swift in Sources */ = {isa = PBXBuildFile; fileRef = D00152072171866F0054963D /* ARViewController.swift */; };
		D00152172171866F0054963D /* DebugMapViewController.swift in Sources */ = {isa = PBXBuildFile; fileRef = D00152092171866F0054963D /* DebugMapViewController.swift */; };
		D00152182171866F0054963D /* hdar_close@3x.png in Resources */ = {isa = PBXBuildFile; fileRef = D001520B2171866F0054963D /* hdar_close@3x.png */; };
		D00152192171866F0054963D /* hdar_close@2x.png in Resources */ = {isa = PBXBuildFile; fileRef = D001520C2171866F0054963D /* hdar_close@2x.png */; };
		D001521A2171866F0054963D /* DebugMapViewController.xib in Resources */ = {isa = PBXBuildFile; fileRef = D001520D2171866F0054963D /* DebugMapViewController.xib */; };
		D001521B2171866F0054963D /* hdar_close.png in Resources */ = {isa = PBXBuildFile; fileRef = D001520E2171866F0054963D /* hdar_close.png */; };
		D0272CBC216EE1530047FFE8 /* AppDelegate.swift in Sources */ = {isa = PBXBuildFile; fileRef = D0272CBB216EE1530047FFE8 /* AppDelegate.swift */; };
		D0272CBE216EE1530047FFE8 /* ViewController.swift in Sources */ = {isa = PBXBuildFile; fileRef = D0272CBD216EE1530047FFE8 /* ViewController.swift */; };
		D0272CC1216EE1530047FFE8 /* Main.storyboard in Resources */ = {isa = PBXBuildFile; fileRef = D0272CBF216EE1530047FFE8 /* Main.storyboard */; };
		D0272CC4216EE1530047FFE8 /* YelpPlusAR.xcdatamodeld in Sources */ = {isa = PBXBuildFile; fileRef = D0272CC2216EE1530047FFE8 /* YelpPlusAR.xcdatamodeld */; };
		D0272CC6216EE1540047FFE8 /* Assets.xcassets in Resources */ = {isa = PBXBuildFile; fileRef = D0272CC5216EE1540047FFE8 /* Assets.xcassets */; };
		D0272CC9216EE1540047FFE8 /* LaunchScreen.storyboard in Resources */ = {isa = PBXBuildFile; fileRef = D0272CC7216EE1540047FFE8 /* LaunchScreen.storyboard */; };
		D0272CD1216FF8860047FFE8 /* YelpPlusARModel.swift in Sources */ = {isa = PBXBuildFile; fileRef = D0272CD0216FF8860047FFE8 /* YelpPlusARModel.swift */; };
		D066836021715BCE003A0FD6 /* MainARViewController.swift in Sources */ = {isa = PBXBuildFile; fileRef = D066835F21715BCE003A0FD6 /* MainARViewController.swift */; };
/* End PBXBuildFile section */

/* Begin PBXFileReference section */
		D00151FF2171866F0054963D /* ARAnnotation.swift */ = {isa = PBXFileReference; fileEncoding = 4; lastKnownFileType = sourcecode.swift; path = ARAnnotation.swift; sourceTree = "<group>"; };
		D00152002171866F0054963D /* ARTrackingManager.swift */ = {isa = PBXFileReference; fileEncoding = 4; lastKnownFileType = sourcecode.swift; path = ARTrackingManager.swift; sourceTree = "<group>"; };
		D00152012171866F0054963D /* ARPresenter.swift */ = {isa = PBXFileReference; fileEncoding = 4; lastKnownFileType = sourcecode.swift; path = ARPresenter.swift; sourceTree = "<group>"; };
		D00152022171866F0054963D /* ARAnnotationView.swift */ = {isa = PBXFileReference; fileEncoding = 4; lastKnownFileType = sourcecode.swift; path = ARAnnotationView.swift; sourceTree = "<group>"; };
		D00152032171866F0054963D /* ARPresenterTransform.swift */ = {isa = PBXFileReference; fileEncoding = 4; lastKnownFileType = sourcecode.swift; path = ARPresenterTransform.swift; sourceTree = "<group>"; };
		D00152042171866F0054963D /* ARConfiguration.swift */ = {isa = PBXFileReference; fileEncoding = 4; lastKnownFileType = sourcecode.swift; path = ARConfiguration.swift; sourceTree = "<group>"; };
		D00152062171866F0054963D /* CameraView.swift */ = {isa = PBXFileReference; fileEncoding = 4; lastKnownFileType = sourcecode.swift; path = CameraView.swift; sourceTree = "<group>"; };
		D00152072171866F0054963D /* ARViewController.swift */ = {isa = PBXFileReference; fileEncoding = 4; lastKnownFileType = sourcecode.swift; path = ARViewController.swift; sourceTree = "<group>"; };
		D00152092171866F0054963D /* DebugMapViewController.swift */ = {isa = PBXFileReference; fileEncoding = 4; lastKnownFileType = sourcecode.swift; path = DebugMapViewController.swift; sourceTree = "<group>"; };
		D001520B2171866F0054963D /* hdar_close@3x.png */ = {isa = PBXFileReference; lastKnownFileType = image.png; path = "hdar_close@3x.png"; sourceTree = "<group>"; };
		D001520C2171866F0054963D /* hdar_close@2x.png */ = {isa = PBXFileReference; lastKnownFileType = image.png; path = "hdar_close@2x.png"; sourceTree = "<group>"; };
		D001520D2171866F0054963D /* DebugMapViewController.xib */ = {isa = PBXFileReference; fileEncoding = 4; lastKnownFileType = file.xib; path = DebugMapViewController.xib; sourceTree = "<group>"; };
		D001520E2171866F0054963D /* hdar_close.png */ = {isa = PBXFileReference; lastKnownFileType = image.png; path = hdar_close.png; sourceTree = "<group>"; };
		D0272CB8216EE1530047FFE8 /* YelpPlusAR.app */ = {isa = PBXFileReference; explicitFileType = wrapper.application; includeInIndex = 0; path = YelpPlusAR.app; sourceTree = BUILT_PRODUCTS_DIR; };
		D0272CBB216EE1530047FFE8 /* AppDelegate.swift */ = {isa = PBXFileReference; lastKnownFileType = sourcecode.swift; path = AppDelegate.swift; sourceTree = "<group>"; };
		D0272CBD216EE1530047FFE8 /* ViewController.swift */ = {isa = PBXFileReference; lastKnownFileType = sourcecode.swift; path = ViewController.swift; sourceTree = "<group>"; };
		D0272CC0216EE1530047FFE8 /* Base */ = {isa = PBXFileReference; lastKnownFileType = file.storyboard; name = Base; path = Base.lproj/Main.storyboard; sourceTree = "<group>"; };
		D0272CC3216EE1530047FFE8 /* YelpPlusAR.xcdatamodel */ = {isa = PBXFileReference; lastKnownFileType = wrapper.xcdatamodel; path = YelpPlusAR.xcdatamodel; sourceTree = "<group>"; };
		D0272CC5216EE1540047FFE8 /* Assets.xcassets */ = {isa = PBXFileReference; lastKnownFileType = folder.assetcatalog; path = Assets.xcassets; sourceTree = "<group>"; };
		D0272CC8216EE1540047FFE8 /* Base */ = {isa = PBXFileReference; lastKnownFileType = file.storyboard; name = Base; path = Base.lproj/LaunchScreen.storyboard; sourceTree = "<group>"; };
		D0272CCA216EE1540047FFE8 /* Info.plist */ = {isa = PBXFileReference; lastKnownFileType = text.plist.xml; path = Info.plist; sourceTree = "<group>"; };
		D0272CD0216FF8860047FFE8 /* YelpPlusARModel.swift */ = {isa = PBXFileReference; lastKnownFileType = sourcecode.swift; path = YelpPlusARModel.swift; sourceTree = "<group>"; };
		D066835F21715BCE003A0FD6 /* MainARViewController.swift */ = {isa = PBXFileReference; lastKnownFileType = sourcecode.swift; path = MainARViewController.swift; sourceTree = "<group>"; };
/* End PBXFileReference section */

/* Begin PBXFrameworksBuildPhase section */
		D0272CB5216EE1520047FFE8 /* Frameworks */ = {
			isa = PBXFrameworksBuildPhase;
			buildActionMask = 2147483647;
			files = (
			);
			runOnlyForDeploymentPostprocessing = 0;
		};
/* End PBXFrameworksBuildPhase section */

/* Begin PBXGroup section */
		D00151FD2171866F0054963D /* HDAugmentedReality */ = {
			isa = PBXGroup;
			children = (
				D00151FE2171866F0054963D /* Classes */,
				D001520A2171866F0054963D /* Resources */,
			);
			path = HDAugmentedReality;
			sourceTree = "<group>";
		};
		D00151FE2171866F0054963D /* Classes */ = {
			isa = PBXGroup;
			children = (
				D00151FF2171866F0054963D /* ARAnnotation.swift */,
				D00152002171866F0054963D /* ARTrackingManager.swift */,
				D00152012171866F0054963D /* ARPresenter.swift */,
				D00152022171866F0054963D /* ARAnnotationView.swift */,
				D00152032171866F0054963D /* ARPresenterTransform.swift */,
				D00152042171866F0054963D /* ARConfiguration.swift */,
				D00152052171866F0054963D /* External */,
				D00152072171866F0054963D /* ARViewController.swift */,
				D00152082171866F0054963D /* Debug */,
			);
			path = Classes;
			sourceTree = "<group>";
		};
		D00152052171866F0054963D /* External */ = {
			isa = PBXGroup;
			children = (
				D00152062171866F0054963D /* CameraView.swift */,
			);
			path = External;
			sourceTree = "<group>";
		};
		D00152082171866F0054963D /* Debug */ = {
			isa = PBXGroup;
			children = (
				D00152092171866F0054963D /* DebugMapViewController.swift */,
			);
			path = Debug;
			sourceTree = "<group>";
		};
		D001520A2171866F0054963D /* Resources */ = {
			isa = PBXGroup;
			children = (
				D001520B2171866F0054963D /* hdar_close@3x.png */,
				D001520C2171866F0054963D /* hdar_close@2x.png */,
				D001520D2171866F0054963D /* DebugMapViewController.xib */,
				D001520E2171866F0054963D /* hdar_close.png */,
			);
			path = Resources;
			sourceTree = "<group>";
		};
		D0272CAF216EE1520047FFE8 = {
			isa = PBXGroup;
			children = (
				D0272CBA216EE1530047FFE8 /* YelpPlusAR */,
				D0272CB9216EE1530047FFE8 /* Products */,
			);
			sourceTree = "<group>";
		};
		D0272CB9216EE1530047FFE8 /* Products */ = {
			isa = PBXGroup;
			children = (
				D0272CB8216EE1530047FFE8 /* YelpPlusAR.app */,
			);
			name = Products;
			sourceTree = "<group>";
		};
		D0272CBA216EE1530047FFE8 /* YelpPlusAR */ = {
			isa = PBXGroup;
			children = (
				D00151FD2171866F0054963D /* HDAugmentedReality */,
				D0272CBB216EE1530047FFE8 /* AppDelegate.swift */,
				D0272CBD216EE1530047FFE8 /* ViewController.swift */,
				D066835F21715BCE003A0FD6 /* MainARViewController.swift */,
				D0272CD0216FF8860047FFE8 /* YelpPlusARModel.swift */,
				D0272CBF216EE1530047FFE8 /* Main.storyboard */,
				D0272CC5216EE1540047FFE8 /* Assets.xcassets */,
				D0272CC7216EE1540047FFE8 /* LaunchScreen.storyboard */,
				D0272CCA216EE1540047FFE8 /* Info.plist */,
				D0272CC2216EE1530047FFE8 /* YelpPlusAR.xcdatamodeld */,
			);
			path = YelpPlusAR;
			sourceTree = "<group>";
		};
/* End PBXGroup section */

/* Begin PBXNativeTarget section */
		D0272CB7216EE1520047FFE8 /* YelpPlusAR */ = {
			isa = PBXNativeTarget;
			buildConfigurationList = D0272CCD216EE1540047FFE8 /* Build configuration list for PBXNativeTarget "YelpPlusAR" */;
			buildPhases = (
				D0272CB4216EE1520047FFE8 /* Sources */,
				D0272CB5216EE1520047FFE8 /* Frameworks */,
				D0272CB6216EE1520047FFE8 /* Resources */,
			);
			buildRules = (
			);
			dependencies = (
			);
			name = YelpPlusAR;
			productName = YelpPlusAR;
			productReference = D0272CB8216EE1530047FFE8 /* YelpPlusAR.app */;
			productType = "com.apple.product-type.application";
		};
/* End PBXNativeTarget section */

/* Begin PBXProject section */
		D0272CB0216EE1520047FFE8 /* Project object */ = {
			isa = PBXProject;
			attributes = {
				LastSwiftUpdateCheck = 1000;
				LastUpgradeCheck = 1000;
				ORGANIZATIONNAME = "Amanda Demetrio";
				TargetAttributes = {
					D0272CB7216EE1520047FFE8 = {
						CreatedOnToolsVersion = 10.0;
					};
				};
			};
			buildConfigurationList = D0272CB3216EE1520047FFE8 /* Build configuration list for PBXProject "YelpPlusAR" */;
			compatibilityVersion = "Xcode 9.3";
			developmentRegion = en;
			hasScannedForEncodings = 0;
			knownRegions = (
				en,
				Base,
			);
			mainGroup = D0272CAF216EE1520047FFE8;
			productRefGroup = D0272CB9216EE1530047FFE8 /* Products */;
			projectDirPath = "";
			projectRoot = "";
			targets = (
				D0272CB7216EE1520047FFE8 /* YelpPlusAR */,
			);
		};
/* End PBXProject section */

/* Begin PBXResourcesBuildPhase section */
		D0272CB6216EE1520047FFE8 /* Resources */ = {
			isa = PBXResourcesBuildPhase;
			buildActionMask = 2147483647;
			files = (
				D0272CC9216EE1540047FFE8 /* LaunchScreen.storyboard in Resources */,
				D0272CC6216EE1540047FFE8 /* Assets.xcassets in Resources */,
				D0272CC1216EE1530047FFE8 /* Main.storyboard in Resources */,
				D00152182171866F0054963D /* hdar_close@3x.png in Resources */,
				D00152192171866F0054963D /* hdar_close@2x.png in Resources */,
				D001521B2171866F0054963D /* hdar_close.png in Resources */,
				D001521A2171866F0054963D /* DebugMapViewController.xib in Resources */,
			);
			runOnlyForDeploymentPostprocessing = 0;
		};
/* End PBXResourcesBuildPhase section */

/* Begin PBXSourcesBuildPhase section */
		D0272CB4216EE1520047FFE8 /* Sources */ = {
			isa = PBXSourcesBuildPhase;
			buildActionMask = 2147483647;
			files = (
				D0272CBE216EE1530047FFE8 /* ViewController.swift in Sources */,
				D00152172171866F0054963D /* DebugMapViewController.swift in Sources */,
				D00152122171866F0054963D /* ARAnnotationView.swift in Sources */,
				D001520F2171866F0054963D /* ARAnnotation.swift in Sources */,
				D00152152171866F0054963D /* CameraView.swift in Sources */,
				D0272CBC216EE1530047FFE8 /* AppDelegate.swift in Sources */,
				D0272CD1216FF8860047FFE8 /* YelpPlusARModel.swift in Sources */,
				D00152102171866F0054963D /* ARTrackingManager.swift in Sources */,
				D00152132171866F0054963D /* ARPresenterTransform.swift in Sources */,
				D00152142171866F0054963D /* ARConfiguration.swift in Sources */,
				D00152162171866F0054963D /* ARViewController.swift in Sources */,
				D0272CC4216EE1530047FFE8 /* YelpPlusAR.xcdatamodeld in Sources */,
				D066836021715BCE003A0FD6 /* MainARViewController.swift in Sources */,
				D00152112171866F0054963D /* ARPresenter.swift in Sources */,
			);
			runOnlyForDeploymentPostprocessing = 0;
		};
/* End PBXSourcesBuildPhase section */

/* Begin PBXVariantGroup section */
		D0272CBF216EE1530047FFE8 /* Main.storyboard */ = {
			isa = PBXVariantGroup;
			children = (
				D0272CC0216EE1530047FFE8 /* Base */,
			);
			name = Main.storyboard;
			sourceTree = "<group>";
		};
		D0272CC7216EE1540047FFE8 /* LaunchScreen.storyboard */ = {
			isa = PBXVariantGroup;
			children = (
				D0272CC8216EE1540047FFE8 /* Base */,
			);
			name = LaunchScreen.storyboard;
			sourceTree = "<group>";
		};
/* End PBXVariantGroup section */

/* Begin XCBuildConfiguration section */
		D0272CCB216EE1540047FFE8 /* Debug */ = {
			isa = XCBuildConfiguration;
			buildSettings = {
				ALWAYS_SEARCH_USER_PATHS = NO;
				CLANG_ANALYZER_NONNULL = YES;
				CLANG_ANALYZER_NUMBER_OBJECT_CONVERSION = YES_AGGRESSIVE;
				CLANG_CXX_LANGUAGE_STANDARD = "gnu++14";
				CLANG_CXX_LIBRARY = "libc++";
				CLANG_ENABLE_MODULES = YES;
				CLANG_ENABLE_OBJC_ARC = YES;
				CLANG_ENABLE_OBJC_WEAK = YES;
				CLANG_WARN_BLOCK_CAPTURE_AUTORELEASING = YES;
				CLANG_WARN_BOOL_CONVERSION = YES;
				CLANG_WARN_COMMA = YES;
				CLANG_WARN_CONSTANT_CONVERSION = YES;
				CLANG_WARN_DEPRECATED_OBJC_IMPLEMENTATIONS = YES;
				CLANG_WARN_DIRECT_OBJC_ISA_USAGE = YES_ERROR;
				CLANG_WARN_DOCUMENTATION_COMMENTS = YES;
				CLANG_WARN_EMPTY_BODY = YES;
				CLANG_WARN_ENUM_CONVERSION = YES;
				CLANG_WARN_INFINITE_RECURSION = YES;
				CLANG_WARN_INT_CONVERSION = YES;
				CLANG_WARN_NON_LITERAL_NULL_CONVERSION = YES;
				CLANG_WARN_OBJC_IMPLICIT_RETAIN_SELF = YES;
				CLANG_WARN_OBJC_LITERAL_CONVERSION = YES;
				CLANG_WARN_OBJC_ROOT_CLASS = YES_ERROR;
				CLANG_WARN_RANGE_LOOP_ANALYSIS = YES;
				CLANG_WARN_STRICT_PROTOTYPES = YES;
				CLANG_WARN_SUSPICIOUS_MOVE = YES;
				CLANG_WARN_UNGUARDED_AVAILABILITY = YES_AGGRESSIVE;
				CLANG_WARN_UNREACHABLE_CODE = YES;
				CLANG_WARN__DUPLICATE_METHOD_MATCH = YES;
				CODE_SIGN_IDENTITY = "iPhone Developer";
				COPY_PHASE_STRIP = NO;
				DEBUG_INFORMATION_FORMAT = dwarf;
				ENABLE_STRICT_OBJC_MSGSEND = YES;
				ENABLE_TESTABILITY = YES;
				GCC_C_LANGUAGE_STANDARD = gnu11;
				GCC_DYNAMIC_NO_PIC = NO;
				GCC_NO_COMMON_BLOCKS = YES;
				GCC_OPTIMIZATION_LEVEL = 0;
				GCC_PREPROCESSOR_DEFINITIONS = (
					"DEBUG=1",
					"$(inherited)",
				);
				GCC_WARN_64_TO_32_BIT_CONVERSION = YES;
				GCC_WARN_ABOUT_RETURN_TYPE = YES_ERROR;
				GCC_WARN_UNDECLARED_SELECTOR = YES;
				GCC_WARN_UNINITIALIZED_AUTOS = YES_AGGRESSIVE;
				GCC_WARN_UNUSED_FUNCTION = YES;
				GCC_WARN_UNUSED_VARIABLE = YES;
				IPHONEOS_DEPLOYMENT_TARGET = 12.0;
				MTL_ENABLE_DEBUG_INFO = INCLUDE_SOURCE;
				MTL_FAST_MATH = YES;
				ONLY_ACTIVE_ARCH = YES;
				SDKROOT = iphoneos;
				SWIFT_ACTIVE_COMPILATION_CONDITIONS = DEBUG;
				SWIFT_OPTIMIZATION_LEVEL = "-Onone";
			};
			name = Debug;
		};
		D0272CCC216EE1540047FFE8 /* Release */ = {
			isa = XCBuildConfiguration;
			buildSettings = {
				ALWAYS_SEARCH_USER_PATHS = NO;
				CLANG_ANALYZER_NONNULL = YES;
				CLANG_ANALYZER_NUMBER_OBJECT_CONVERSION = YES_AGGRESSIVE;
				CLANG_CXX_LANGUAGE_STANDARD = "gnu++14";
				CLANG_CXX_LIBRARY = "libc++";
				CLANG_ENABLE_MODULES = YES;
				CLANG_ENABLE_OBJC_ARC = YES;
				CLANG_ENABLE_OBJC_WEAK = YES;
				CLANG_WARN_BLOCK_CAPTURE_AUTORELEASING = YES;
				CLANG_WARN_BOOL_CONVERSION = YES;
				CLANG_WARN_COMMA = YES;
				CLANG_WARN_CONSTANT_CONVERSION = YES;
				CLANG_WARN_DEPRECATED_OBJC_IMPLEMENTATIONS = YES;
				CLANG_WARN_DIRECT_OBJC_ISA_USAGE = YES_ERROR;
				CLANG_WARN_DOCUMENTATION_COMMENTS = YES;
				CLANG_WARN_EMPTY_BODY = YES;
				CLANG_WARN_ENUM_CONVERSION = YES;
				CLANG_WARN_INFINITE_RECURSION = YES;
				CLANG_WARN_INT_CONVERSION = YES;
				CLANG_WARN_NON_LITERAL_NULL_CONVERSION = YES;
				CLANG_WARN_OBJC_IMPLICIT_RETAIN_SELF = YES;
				CLANG_WARN_OBJC_LITERAL_CONVERSION = YES;
				CLANG_WARN_OBJC_ROOT_CLASS = YES_ERROR;
				CLANG_WARN_RANGE_LOOP_ANALYSIS = YES;
				CLANG_WARN_STRICT_PROTOTYPES = YES;
				CLANG_WARN_SUSPICIOUS_MOVE = YES;
				CLANG_WARN_UNGUARDED_AVAILABILITY = YES_AGGRESSIVE;
				CLANG_WARN_UNREACHABLE_CODE = YES;
				CLANG_WARN__DUPLICATE_METHOD_MATCH = YES;
				CODE_SIGN_IDENTITY = "iPhone Developer";
				COPY_PHASE_STRIP = NO;
				DEBUG_INFORMATION_FORMAT = "dwarf-with-dsym";
				ENABLE_NS_ASSERTIONS = NO;
				ENABLE_STRICT_OBJC_MSGSEND = YES;
				GCC_C_LANGUAGE_STANDARD = gnu11;
				GCC_NO_COMMON_BLOCKS = YES;
				GCC_WARN_64_TO_32_BIT_CONVERSION = YES;
				GCC_WARN_ABOUT_RETURN_TYPE = YES_ERROR;
				GCC_WARN_UNDECLARED_SELECTOR = YES;
				GCC_WARN_UNINITIALIZED_AUTOS = YES_AGGRESSIVE;
				GCC_WARN_UNUSED_FUNCTION = YES;
				GCC_WARN_UNUSED_VARIABLE = YES;
				IPHONEOS_DEPLOYMENT_TARGET = 12.0;
				MTL_ENABLE_DEBUG_INFO = NO;
				MTL_FAST_MATH = YES;
				SDKROOT = iphoneos;
				SWIFT_COMPILATION_MODE = wholemodule;
				SWIFT_OPTIMIZATION_LEVEL = "-O";
				VALIDATE_PRODUCT = YES;
			};
			name = Release;
		};
		D0272CCE216EE1540047FFE8 /* Debug */ = {
			isa = XCBuildConfiguration;
			buildSettings = {
				ASSETCATALOG_COMPILER_APPICON_NAME = AppIcon;
				CODE_SIGN_STYLE = Automatic;
				DEVELOPMENT_TEAM = Y3JS8H9524;
				INFOPLIST_FILE = YelpPlusAR/Info.plist;
				LD_RUNPATH_SEARCH_PATHS = (
					"$(inherited)",
					"@executable_path/Frameworks",
				);
				PRODUCT_BUNDLE_IDENTIFIER = com.amandademetrio.YelpPlusAR;
				PRODUCT_NAME = "$(TARGET_NAME)";
				SWIFT_VERSION = 4.2;
				TARGETED_DEVICE_FAMILY = "1,2";
			};
			name = Debug;
		};
		D0272CCF216EE1540047FFE8 /* Release */ = {
			isa = XCBuildConfiguration;
			buildSettings = {
				ASSETCATALOG_COMPILER_APPICON_NAME = AppIcon;
				CODE_SIGN_STYLE = Automatic;
				DEVELOPMENT_TEAM = Y3JS8H9524;
				INFOPLIST_FILE = YelpPlusAR/Info.plist;
				LD_RUNPATH_SEARCH_PATHS = (
					"$(inherited)",
					"@executable_path/Frameworks",
				);
				PRODUCT_BUNDLE_IDENTIFIER = com.amandademetrio.YelpPlusAR;
				PRODUCT_NAME = "$(TARGET_NAME)";
				SWIFT_VERSION = 4.2;
				TARGETED_DEVICE_FAMILY = "1,2";
			};
			name = Release;
		};
/* End XCBuildConfiguration section */

/* Begin XCConfigurationList section */
		D0272CB3216EE1520047FFE8 /* Build configuration list for PBXProject "YelpPlusAR" */ = {
			isa = XCConfigurationList;
			buildConfigurations = (
				D0272CCB216EE1540047FFE8 /* Debug */,
				D0272CCC216EE1540047FFE8 /* Release */,
			);
			defaultConfigurationIsVisible = 0;
			defaultConfigurationName = Release;
		};
		D0272CCD216EE1540047FFE8 /* Build configuration list for PBXNativeTarget "YelpPlusAR" */ = {
			isa = XCConfigurationList;
			buildConfigurations = (
				D0272CCE216EE1540047FFE8 /* Debug */,
				D0272CCF216EE1540047FFE8 /* Release */,
			);
			defaultConfigurationIsVisible = 0;
			defaultConfigurationName = Release;
		};
/* End XCConfigurationList section */

/* Begin XCVersionGroup section */
		D0272CC2216EE1530047FFE8 /* YelpPlusAR.xcdatamodeld */ = {
			isa = XCVersionGroup;
			children = (
				D0272CC3216EE1530047FFE8 /* YelpPlusAR.xcdatamodel */,
			);
			currentVersion = D0272CC3216EE1530047FFE8 /* YelpPlusAR.xcdatamodel */;
			path = YelpPlusAR.xcdatamodeld;
			sourceTree = "<group>";
			versionGroupType = wrapper.xcdatamodel;
		};
/* End XCVersionGroup section */
	};
	rootObject = D0272CB0216EE1520047FFE8 /* Project object */;
}
